
Microsoft Visual Studio Solution File, Format Version 12.00
# Visual Studio Version 17
VisualStudioVersion = 17.10.35013.160
MinimumVisualStudioVersion = 10.0.40219.1
Project("{FAE04EC0-301F-11D3-BF4B-00C04F79EFBC}") = "Products", "Products\Products.csproj", "{283C7ECD-A47F-4568-AFC4-72E24D5D7E25}"
EndProject
Global
	GlobalSection(SolutionConfigurationPlatforms) = preSolution
		Debug|Any CPU = Debug|Any CPU
		Release|Any CPU = Release|Any CPU
	EndGlobalSection
	GlobalSection(ProjectConfigurationPlatforms) = postSolution
		{283C7ECD-A47F-4568-AFC4-72E24D5D7E25}.Debug|Any CPU.ActiveCfg = Debug|Any CPU
		{283C7ECD-A47F-4568-AFC4-72E24D5D7E25}.Debug|Any CPU.Build.0 = Debug|Any CPU
		{283C7ECD-A47F-4568-AFC4-72E24D5D7E25}.Release|Any CPU.ActiveCfg = Release|Any CPU
		{283C7ECD-A47F-4568-AFC4-72E24D5D7E25}.Release|Any CPU.Build.0 = Release|Any CPU
	EndGlobalSection
	GlobalSection(SolutionProperties) = preSolution
		HideSolutionNode = FALSE
	EndGlobalSection
	GlobalSection(ExtensibilityGlobals) = postSolution
		SolutionGuid = {291465F2-A939-49E1-B724-1BE2363E6378}
	EndGlobalSection
EndGlobal
